
Microsoft Visual Studio Solution File, Format Version 12.00
# Visual Studio 15
VisualStudioVersion = 15.0.27428.2002
MinimumVisualStudioVersion = 10.0.40219.1
Project("{FAE04EC0-301F-11D3-BF4B-00C04F79EFBC}") = "Service", "Service\Service.csproj", "{800B9CB0-2D3B-44E5-9658-902A9F302EE3}"
EndProject
Project("{FAE04EC0-301F-11D3-BF4B-00C04F79EFBC}") = "Client", "Client\Client.csproj", "{6341A4F2-92B1-4D45-B62B-CA596B4E3A4C}"
EndProject
Project("{9A19103F-16F7-4668-BE54-9A1E7A4F7556}") = "Services", "Services\Services.csproj", "{79D37AD0-5D86-4910-8444-BE8E6FDD7C93}"
EndProject
Global
	GlobalSection(SolutionConfigurationPlatforms) = preSolution
		Debug|Any CPU = Debug|Any CPU
		Release|Any CPU = Release|Any CPU
	EndGlobalSection
	GlobalSection(ProjectConfigurationPlatforms) = postSolution
		{800B9CB0-2D3B-44E5-9658-902A9F302EE3}.Debug|Any CPU.ActiveCfg = Debug|Any CPU
		{800B9CB0-2D3B-44E5-9658-902A9F302EE3}.Debug|Any CPU.Build.0 = Debug|Any CPU
		{800B9CB0-2D3B-44E5-9658-902A9F302EE3}.Release|Any CPU.ActiveCfg = Release|Any CPU
		{800B9CB0-2D3B-44E5-9658-902A9F302EE3}.Release|Any CPU.Build.0 = Release|Any CPU
		{6341A4F2-92B1-4D45-B62B-CA596B4E3A4C}.Debug|Any CPU.ActiveCfg = Debug|Any CPU
		{6341A4F2-92B1-4D45-B62B-CA596B4E3A4C}.Debug|Any CPU.Build.0 = Debug|Any CPU
		{6341A4F2-92B1-4D45-B62B-CA596B4E3A4C}.Release|Any CPU.ActiveCfg = Release|Any CPU
		{6341A4F2-92B1-4D45-B62B-CA596B4E3A4C}.Release|Any CPU.Build.0 = Release|Any CPU
		{79D37AD0-5D86-4910-8444-BE8E6FDD7C93}.Debug|Any CPU.ActiveCfg = Debug|Any CPU
		{79D37AD0-5D86-4910-8444-BE8E6FDD7C93}.Debug|Any CPU.Build.0 = Debug|Any CPU
		{79D37AD0-5D86-4910-8444-BE8E6FDD7C93}.Release|Any CPU.ActiveCfg = Release|Any CPU
		{79D37AD0-5D86-4910-8444-BE8E6FDD7C93}.Release|Any CPU.Build.0 = Release|Any CPU
	EndGlobalSection
	GlobalSection(SolutionProperties) = preSolution
		HideSolutionNode = FALSE
	EndGlobalSection
	GlobalSection(ExtensibilityGlobals) = postSolution
		SolutionGuid = {4552EE76-50A6-4EFC-939C-6E9EB7491A81}
	EndGlobalSection
EndGlobal
